
Microsoft Visual Studio Solution File, Format Version 12.00
# Visual Studio Version 17
VisualStudioVersion = 17.14.36203.30
MinimumVisualStudioVersion = 10.0.40219.1
Project("{FAE04EC0-301F-11D3-BF4B-00C04F79EFBC}") = "SIMDAPI.API", "SIMDAPI\SIMDAPI.API.csproj", "{3F70CED8-E16E-41DE-9170-F6341894271D}"
EndProject
Project("{FAE04EC0-301F-11D3-BF4B-00C04F79EFBC}") = "SIMDAPI.OpenCL", "SIMDAPI.OpenCL\SIMDAPI.OpenCL.csproj", "{3B651B1D-6115-4241-8580-95C5C0F5039F}"
EndProject
Project("{FAE04EC0-301F-11D3-BF4B-00C04F79EFBC}") = "SIMDAPI.Vulkan", "SIMDAPI.Vulkan\SIMDAPI.Vulkan.csproj", "{51DB9A8E-7A01-4964-AA8C-90C8F13D05BB}"
EndProject
Project("{FAE04EC0-301F-11D3-BF4B-00C04F79EFBC}") = "SIMDAPI.CUDA", "SIMDAPI.CUDA\SIMDAPI.CUDA.csproj", "{64F8B825-ECAF-4CD4-83C3-41821C61EED3}"
EndProject
Project("{FAE04EC0-301F-11D3-BF4B-00C04F79EFBC}") = "SIMDAPI.DataAccess", "SIMDAPI.DataAccess\SIMDAPI.DataAccess.csproj", "{DC647D65-028D-4ABF-BDDF-4DA03B08C663}"
EndProject
Global
	GlobalSection(SolutionConfigurationPlatforms) = preSolution
		Debug|Any CPU = Debug|Any CPU
		Release|Any CPU = Release|Any CPU
	EndGlobalSection
	GlobalSection(ProjectConfigurationPlatforms) = postSolution
		{3F70CED8-E16E-41DE-9170-F6341894271D}.Debug|Any CPU.ActiveCfg = Debug|Any CPU
		{3F70CED8-E16E-41DE-9170-F6341894271D}.Debug|Any CPU.Build.0 = Debug|Any CPU
		{3F70CED8-E16E-41DE-9170-F6341894271D}.Release|Any CPU.ActiveCfg = Release|Any CPU
		{3F70CED8-E16E-41DE-9170-F6341894271D}.Release|Any CPU.Build.0 = Release|Any CPU
		{3B651B1D-6115-4241-8580-95C5C0F5039F}.Debug|Any CPU.ActiveCfg = Debug|Any CPU
		{3B651B1D-6115-4241-8580-95C5C0F5039F}.Debug|Any CPU.Build.0 = Debug|Any CPU
		{3B651B1D-6115-4241-8580-95C5C0F5039F}.Release|Any CPU.ActiveCfg = Release|Any CPU
		{3B651B1D-6115-4241-8580-95C5C0F5039F}.Release|Any CPU.Build.0 = Release|Any CPU
		{51DB9A8E-7A01-4964-AA8C-90C8F13D05BB}.Debug|Any CPU.ActiveCfg = Debug|Any CPU
		{51DB9A8E-7A01-4964-AA8C-90C8F13D05BB}.Debug|Any CPU.Build.0 = Debug|Any CPU
		{51DB9A8E-7A01-4964-AA8C-90C8F13D05BB}.Release|Any CPU.ActiveCfg = Release|Any CPU
		{51DB9A8E-7A01-4964-AA8C-90C8F13D05BB}.Release|Any CPU.Build.0 = Release|Any CPU
		{64F8B825-ECAF-4CD4-83C3-41821C61EED3}.Debug|Any CPU.ActiveCfg = Debug|Any CPU
		{64F8B825-ECAF-4CD4-83C3-41821C61EED3}.Debug|Any CPU.Build.0 = Debug|Any CPU
		{64F8B825-ECAF-4CD4-83C3-41821C61EED3}.Release|Any CPU.ActiveCfg = Release|Any CPU
		{64F8B825-ECAF-4CD4-83C3-41821C61EED3}.Release|Any CPU.Build.0 = Release|Any CPU
		{DC647D65-028D-4ABF-BDDF-4DA03B08C663}.Debug|Any CPU.ActiveCfg = Debug|Any CPU
		{DC647D65-028D-4ABF-BDDF-4DA03B08C663}.Debug|Any CPU.Build.0 = Debug|Any CPU
		{DC647D65-028D-4ABF-BDDF-4DA03B08C663}.Release|Any CPU.ActiveCfg = Release|Any CPU
		{DC647D65-028D-4ABF-BDDF-4DA03B08C663}.Release|Any CPU.Build.0 = Release|Any CPU
	EndGlobalSection
	GlobalSection(SolutionProperties) = preSolution
		HideSolutionNode = FALSE
	EndGlobalSection
	GlobalSection(ExtensibilityGlobals) = postSolution
		SolutionGuid = {60762738-A0DE-46A9-AE8D-C7CA713FA004}
	EndGlobalSection
EndGlobal
